Microsoft Visual Studio Solution File, Format Version 12.00
# Visual Studio 2012
Project("{FAE04EC0-301F-11D3-BF4B-00C04F79EFBC}") = "App", "App.csproj", "{DB00C4AA-98F2-4547-807F-4BBA81354667}"
EndProject
Global
	GlobalSection(SolutionConfigurationPlatforms) = preSolution
	Debug|Any CPU = Debug|Any CPU
	ExportDebug|Any CPU = ExportDebug|Any CPU
	ExportRelease|Any CPU = ExportRelease|Any CPU
	EndGlobalSection
	GlobalSection(ProjectConfigurationPlatforms) = postSolution
		{DB00C4AA-98F2-4547-807F-4BBA81354667}.Debug|Any CPU.ActiveCfg = Debug|Any CPU
		{DB00C4AA-98F2-4547-807F-4BBA81354667}.Debug|Any CPU.Build.0 = Debug|Any CPU
		{DB00C4AA-98F2-4547-807F-4BBA81354667}.ExportDebug|Any CPU.ActiveCfg = ExportDebug|Any CPU
		{DB00C4AA-98F2-4547-807F-4BBA81354667}.ExportDebug|Any CPU.Build.0 = ExportDebug|Any CPU
		{DB00C4AA-98F2-4547-807F-4BBA81354667}.ExportRelease|Any CPU.ActiveCfg = ExportRelease|Any CPU
		{DB00C4AA-98F2-4547-807F-4BBA81354667}.ExportRelease|Any CPU.Build.0 = ExportRelease|Any CPU
	EndGlobalSection
EndGlobal
